
Microsoft Visual Studio Solution File, Format Version 12.00
# Visual Studio Version 17
VisualStudioVersion = 17.6.33723.286
MinimumVisualStudioVersion = 10.0.40219.1
Project("{FAE04EC0-301F-11D3-BF4B-00C04F79EFBC}") = "Task2", "Task2\Task2.csproj", "{4033636C-FBB1-433C-ADE0-01E7E0048860}"
EndProject
Project("{FAE04EC0-301F-11D3-BF4B-00C04F79EFBC}") = "Task3", "Task3\Task3.csproj", "{1AE59C59-7D4D-4B9B-9FC1-855F5B9B1292}"
EndProject
Project("{FAE04EC0-301F-11D3-BF4B-00C04F79EFBC}") = "Task4", "Task4\Task4.csproj", "{5E0F8C2A-DC2E-4D6F-A794-D39F5A1C7210}"
EndProject
Project("{FAE04EC0-301F-11D3-BF4B-00C04F79EFBC}") = "Task5", "Task5\Task5.csproj", "{896E4F57-48C9-4768-BE14-302083969EDC}"
EndProject
Project("{FAE04EC0-301F-11D3-BF4B-00C04F79EFBC}") = "Task1", "Task1\Task1.csproj", "{03C63E4D-0F6E-4AAE-BC28-6C178CFCCC29}"
EndProject
Global
	GlobalSection(SolutionConfigurationPlatforms) = preSolution
		Debug|Any CPU = Debug|Any CPU
		Release|Any CPU = Release|Any CPU
	EndGlobalSection
	GlobalSection(ProjectConfigurationPlatforms) = postSolution
		{4033636C-FBB1-433C-ADE0-01E7E0048860}.Debug|Any CPU.ActiveCfg = Debug|Any CPU
		{4033636C-FBB1-433C-ADE0-01E7E0048860}.Debug|Any CPU.Build.0 = Debug|Any CPU
		{4033636C-FBB1-433C-ADE0-01E7E0048860}.Release|Any CPU.ActiveCfg = Release|Any CPU
		{4033636C-FBB1-433C-ADE0-01E7E0048860}.Release|Any CPU.Build.0 = Release|Any CPU
		{1AE59C59-7D4D-4B9B-9FC1-855F5B9B1292}.Debug|Any CPU.ActiveCfg = Debug|Any CPU
		{1AE59C59-7D4D-4B9B-9FC1-855F5B9B1292}.Debug|Any CPU.Build.0 = Debug|Any CPU
		{1AE59C59-7D4D-4B9B-9FC1-855F5B9B1292}.Release|Any CPU.ActiveCfg = Release|Any CPU
		{1AE59C59-7D4D-4B9B-9FC1-855F5B9B1292}.Release|Any CPU.Build.0 = Release|Any CPU
		{5E0F8C2A-DC2E-4D6F-A794-D39F5A1C7210}.Debug|Any CPU.ActiveCfg = Debug|Any CPU
		{5E0F8C2A-DC2E-4D6F-A794-D39F5A1C7210}.Debug|Any CPU.Build.0 = Debug|Any CPU
		{5E0F8C2A-DC2E-4D6F-A794-D39F5A1C7210}.Release|Any CPU.ActiveCfg = Release|Any CPU
		{5E0F8C2A-DC2E-4D6F-A794-D39F5A1C7210}.Release|Any CPU.Build.0 = Release|Any CPU
		{896E4F57-48C9-4768-BE14-302083969EDC}.Debug|Any CPU.ActiveCfg = Debug|Any CPU
		{896E4F57-48C9-4768-BE14-302083969EDC}.Debug|Any CPU.Build.0 = Debug|Any CPU
		{896E4F57-48C9-4768-BE14-302083969EDC}.Release|Any CPU.ActiveCfg = Release|Any CPU
		{896E4F57-48C9-4768-BE14-302083969EDC}.Release|Any CPU.Build.0 = Release|Any CPU
		{03C63E4D-0F6E-4AAE-BC28-6C178CFCCC29}.Debug|Any CPU.ActiveCfg = Debug|Any CPU
		{03C63E4D-0F6E-4AAE-BC28-6C178CFCCC29}.Debug|Any CPU.Build.0 = Debug|Any CPU
		{03C63E4D-0F6E-4AAE-BC28-6C178CFCCC29}.Release|Any CPU.ActiveCfg = Release|Any CPU
		{03C63E4D-0F6E-4AAE-BC28-6C178CFCCC29}.Release|Any CPU.Build.0 = Release|Any CPU
	EndGlobalSection
	GlobalSection(SolutionProperties) = preSolution
		HideSolutionNode = FALSE
	EndGlobalSection
	GlobalSection(ExtensibilityGlobals) = postSolution
		SolutionGuid = {657F8B0B-D88B-49B6-8151-4A13E7ABA5F1}
	EndGlobalSection
EndGlobal
