
Microsoft Visual Studio Solution File, Format Version 12.00
Project("{FAE04EC0-301F-11D3-BF4B-00C04F79EFBC}") = "Task1", "Task1\Task1.csproj", "{A945274B-7EE5-4F9E-AA3D-C8D799B6A222}"
EndProject
Global
	GlobalSection(SolutionConfigurationPlatforms) = preSolution
		Debug|Any CPU = Debug|Any CPU
		Release|Any CPU = Release|Any CPU
	EndGlobalSection
	GlobalSection(ProjectConfigurationPlatforms) = postSolution
		{A945274B-7EE5-4F9E-AA3D-C8D799B6A222}.Debug|Any CPU.ActiveCfg = Debug|Any CPU
		{A945274B-7EE5-4F9E-AA3D-C8D799B6A222}.Debug|Any CPU.Build.0 = Debug|Any CPU
		{A945274B-7EE5-4F9E-AA3D-C8D799B6A222}.Release|Any CPU.ActiveCfg = Release|Any CPU
		{A945274B-7EE5-4F9E-AA3D-C8D799B6A222}.Release|Any CPU.Build.0 = Release|Any CPU
	EndGlobalSection
EndGlobal
